
Microsoft Visual Studio Solution File, Format Version 12.00
# Visual Studio Version 16
VisualStudioVersion = 16.0.30717.126
MinimumVisualStudioVersion = 10.0.40219.1
Project("{FAE04EC0-301F-11D3-BF4B-00C04F79EFBC}") = "AcademicManagement", "AcademicManagement.csproj", "{31FE52C5-5613-4BB7-91B2-E1032366F1F4}"
EndProject
Global
	GlobalSection(SolutionConfigurationPlatforms) = preSolution
		Debug|Any CPU = Debug|Any CPU
		Release|Any CPU = Release|Any CPU
	EndGlobalSection
	GlobalSection(ProjectConfigurationPlatforms) = postSolution
		{31FE52C5-5613-4BB7-91B2-E1032366F1F4}.Debug|Any CPU.ActiveCfg = Debug|Any CPU
		{31FE52C5-5613-4BB7-91B2-E1032366F1F4}.Debug|Any CPU.Build.0 = Debug|Any CPU
		{31FE52C5-5613-4BB7-91B2-E1032366F1F4}.Release|Any CPU.ActiveCfg = Release|Any CPU
		{31FE52C5-5613-4BB7-91B2-E1032366F1F4}.Release|Any CPU.Build.0 = Release|Any CPU
	EndGlobalSection
	GlobalSection(SolutionProperties) = preSolution
		HideSolutionNode = FALSE
	EndGlobalSection
	GlobalSection(ExtensibilityGlobals) = postSolution
		SolutionGuid = {43579148-A257-4894-A209-4ED1C7F5DC5D}
	EndGlobalSection
EndGlobal
